
Microsoft Visual Studio Solution File, Format Version 12.00
# Visual Studio Version 16
VisualStudioVersion = 16.0.29215.179
MinimumVisualStudioVersion = 10.0.40219.1
Project("{FAE04EC0-301F-11D3-BF4B-00C04F79EFBC}") = "AarhusWebDevCoop", "AarhusWebDevCoop\AarhusWebDevCoop.csproj", "{111F273B-1B6E-454E-981B-E1A6050F7BA5}"
EndProject
Global
	GlobalSection(SolutionConfigurationPlatforms) = preSolution
		Debug|Any CPU = Debug|Any CPU
		Release|Any CPU = Release|Any CPU
	EndGlobalSection
	GlobalSection(ProjectConfigurationPlatforms) = postSolution
		{111F273B-1B6E-454E-981B-E1A6050F7BA5}.Debug|Any CPU.ActiveCfg = Debug|Any CPU
		{111F273B-1B6E-454E-981B-E1A6050F7BA5}.Debug|Any CPU.Build.0 = Debug|Any CPU
		{111F273B-1B6E-454E-981B-E1A6050F7BA5}.Release|Any CPU.ActiveCfg = Release|Any CPU
		{111F273B-1B6E-454E-981B-E1A6050F7BA5}.Release|Any CPU.Build.0 = Release|Any CPU
	EndGlobalSection
	GlobalSection(SolutionProperties) = preSolution
		HideSolutionNode = FALSE
	EndGlobalSection
	GlobalSection(ExtensibilityGlobals) = postSolution
		SolutionGuid = {ABF4C0D7-5682-4D2D-B5EB-0054D148A7DC}
	EndGlobalSection
EndGlobal
